
Microsoft Visual Studio Solution File, Format Version 12.00
# Visual Studio Version 17
VisualStudioVersion = 17.2.32630.192
MinimumVisualStudioVersion = 10.0.40219.1
Project("{FAE04EC0-301F-11D3-BF4B-00C04F79EFBC}") = "LipiDex 2.0", "LipiDex 2.0\LipiDex 2.0.csproj", "{3FE18D21-6B6F-4918-BDD4-BC68C4877202}"
EndProject
Project("{FAE04EC0-301F-11D3-BF4B-00C04F79EFBC}") = "CSMSL", "..\..\CSMSL.DotNetFramework\CSMSL\CSMSL.csproj", "{30E1C3B3-D2A5-42A3-BE43-8089CDB2EF0E}"
EndProject
Global
	GlobalSection(SolutionConfigurationPlatforms) = preSolution
		Automated_Build|Any CPU = Automated_Build|Any CPU
		Automated_Build|x64 = Automated_Build|x64
		Automated_Build|x86 = Automated_Build|x86
		Debug|Any CPU = Debug|Any CPU
		Debug|x64 = Debug|x64
		Debug|x86 = Debug|x86
		Release|Any CPU = Release|Any CPU
		Release|x64 = Release|x64
		Release|x86 = Release|x86
	EndGlobalSection
	GlobalSection(ProjectConfigurationPlatforms) = postSolution
		{3FE18D21-6B6F-4918-BDD4-BC68C4877202}.Automated_Build|Any CPU.ActiveCfg = Debug|Any CPU
		{3FE18D21-6B6F-4918-BDD4-BC68C4877202}.Automated_Build|Any CPU.Build.0 = Debug|Any CPU
		{3FE18D21-6B6F-4918-BDD4-BC68C4877202}.Automated_Build|x64.ActiveCfg = Debug|x64
		{3FE18D21-6B6F-4918-BDD4-BC68C4877202}.Automated_Build|x64.Build.0 = Debug|x64
		{3FE18D21-6B6F-4918-BDD4-BC68C4877202}.Automated_Build|x86.ActiveCfg = Debug|Any CPU
		{3FE18D21-6B6F-4918-BDD4-BC68C4877202}.Automated_Build|x86.Build.0 = Debug|Any CPU
		{3FE18D21-6B6F-4918-BDD4-BC68C4877202}.Debug|Any CPU.ActiveCfg = Debug|Any CPU
		{3FE18D21-6B6F-4918-BDD4-BC68C4877202}.Debug|Any CPU.Build.0 = Debug|Any CPU
		{3FE18D21-6B6F-4918-BDD4-BC68C4877202}.Debug|x64.ActiveCfg = Debug|x64
		{3FE18D21-6B6F-4918-BDD4-BC68C4877202}.Debug|x64.Build.0 = Debug|x64
		{3FE18D21-6B6F-4918-BDD4-BC68C4877202}.Debug|x86.ActiveCfg = Debug|Any CPU
		{3FE18D21-6B6F-4918-BDD4-BC68C4877202}.Debug|x86.Build.0 = Debug|Any CPU
		{3FE18D21-6B6F-4918-BDD4-BC68C4877202}.Release|Any CPU.ActiveCfg = Release|Any CPU
		{3FE18D21-6B6F-4918-BDD4-BC68C4877202}.Release|Any CPU.Build.0 = Release|Any CPU
		{3FE18D21-6B6F-4918-BDD4-BC68C4877202}.Release|x64.ActiveCfg = Release|x64
		{3FE18D21-6B6F-4918-BDD4-BC68C4877202}.Release|x64.Build.0 = Release|x64
		{3FE18D21-6B6F-4918-BDD4-BC68C4877202}.Release|x86.ActiveCfg = Release|Any CPU
		{3FE18D21-6B6F-4918-BDD4-BC68C4877202}.Release|x86.Build.0 = Release|Any CPU
		{30E1C3B3-D2A5-42A3-BE43-8089CDB2EF0E}.Automated_Build|Any CPU.ActiveCfg = Debug|Any CPU
		{30E1C3B3-D2A5-42A3-BE43-8089CDB2EF0E}.Automated_Build|Any CPU.Build.0 = Debug|Any CPU
		{30E1C3B3-D2A5-42A3-BE43-8089CDB2EF0E}.Automated_Build|x64.ActiveCfg = Debug|Any CPU
		{30E1C3B3-D2A5-42A3-BE43-8089CDB2EF0E}.Automated_Build|x64.Build.0 = Debug|Any CPU
		{30E1C3B3-D2A5-42A3-BE43-8089CDB2EF0E}.Automated_Build|x86.ActiveCfg = Debug|Any CPU
		{30E1C3B3-D2A5-42A3-BE43-8089CDB2EF0E}.Automated_Build|x86.Build.0 = Debug|Any CPU
		{30E1C3B3-D2A5-42A3-BE43-8089CDB2EF0E}.Debug|Any CPU.ActiveCfg = Debug|Any CPU
		{30E1C3B3-D2A5-42A3-BE43-8089CDB2EF0E}.Debug|Any CPU.Build.0 = Debug|Any CPU
		{30E1C3B3-D2A5-42A3-BE43-8089CDB2EF0E}.Debug|x64.ActiveCfg = Debug|Any CPU
		{30E1C3B3-D2A5-42A3-BE43-8089CDB2EF0E}.Debug|x64.Build.0 = Debug|Any CPU
		{30E1C3B3-D2A5-42A3-BE43-8089CDB2EF0E}.Debug|x86.ActiveCfg = Debug|Any CPU
		{30E1C3B3-D2A5-42A3-BE43-8089CDB2EF0E}.Debug|x86.Build.0 = Debug|Any CPU
		{30E1C3B3-D2A5-42A3-BE43-8089CDB2EF0E}.Release|Any CPU.ActiveCfg = Release|Any CPU
		{30E1C3B3-D2A5-42A3-BE43-8089CDB2EF0E}.Release|Any CPU.Build.0 = Release|Any CPU
		{30E1C3B3-D2A5-42A3-BE43-8089CDB2EF0E}.Release|x64.ActiveCfg = Release|Any CPU
		{30E1C3B3-D2A5-42A3-BE43-8089CDB2EF0E}.Release|x64.Build.0 = Release|Any CPU
		{30E1C3B3-D2A5-42A3-BE43-8089CDB2EF0E}.Release|x86.ActiveCfg = Release|Any CPU
		{30E1C3B3-D2A5-42A3-BE43-8089CDB2EF0E}.Release|x86.Build.0 = Release|Any CPU
	EndGlobalSection
	GlobalSection(SolutionProperties) = preSolution
		HideSolutionNode = FALSE
	EndGlobalSection
	GlobalSection(ExtensibilityGlobals) = postSolution
		SolutionGuid = {6F9F909A-C7FF-4A99-B2D0-F2E23CE6423D}
	EndGlobalSection
EndGlobal
